{
  "originHash" : "1bdf9c4ba5e5d96ab4c80edac4a156be466149017512991f96cd512444b5ddd5",
  "pins" : [
    {
      "identity" : "paymitto-ios",
      "kind" : "remoteSourceControl",
      "location" : "https://github.com/PayMitto/paymitto-ios",
      "state" : {
        "revision" : "8d59aa59fd2a712302bd839d2b077d965bd36fee",
        "version" : "11.0.0"
      }
    }
  ],
  "version" : 3
}
