{
  "originHash" : "01e57d38c6cd842169f4d717697e30144dbf30deba9e5ed0af9a9f703d45794e",
  "pins" : [
    {
      "identity" : "paymitto-ios-spm",
      "kind" : "remoteSourceControl",
      "location" : "https://github.com/PayMitto/paymitto-ios-spm",
      "state" : {
        "revision" : "1b7b8d23c97b50ea6430653e7944b634324410d3",
        "version" : "11.0.0"
      }
    }
  ],
  "version" : 3
}
